
Microsoft Visual Studio Solution File, Format Version 12.00
# Visual Studio Version 16
VisualStudioVersion = 16.0.29806.167
MinimumVisualStudioVersion = 10.0.40219.1
Project("{888888A0-9F3D-457C-B088-3A5042F75D52}") = "ibapp", "ibapp.pyproj", "{5E3A263C-5DEB-4460-87C4-33413D0FF420}"
EndProject
Global
	GlobalSection(SolutionConfigurationPlatforms) = preSolution
		Debug|Any CPU = Debug|Any CPU
		Release|Any CPU = Release|Any CPU
	EndGlobalSection
	GlobalSection(ProjectConfigurationPlatforms) = postSolution
		{5E3A263C-5DEB-4460-87C4-33413D0FF420}.Debug|Any CPU.ActiveCfg = Debug|Any CPU
		{5E3A263C-5DEB-4460-87C4-33413D0FF420}.Release|Any CPU.ActiveCfg = Release|Any CPU
	EndGlobalSection
	GlobalSection(SolutionProperties) = preSolution
		HideSolutionNode = FALSE
	EndGlobalSection
	GlobalSection(ExtensibilityGlobals) = postSolution
		SolutionGuid = {F89EBB7A-D10D-4E49-BF5E-F86FE6CE8A19}
	EndGlobalSection
EndGlobal
